
Microsoft Visual Studio Solution File, Format Version 12.00
# Visual Studio 15
VisualStudioVersion = 15.0.27004.2005
MinimumVisualStudioVersion = 10.0.40219.1
Project("{9A19103F-16F7-4668-BE54-9A1E7A4F7556}") = "UndergroundStation.Web", "UndergroundStation.Web\UndergroundStation.Web.csproj", "{A3086B68-67E5-43BC-85BD-03F0AF1A620A}"
EndProject
Project("{9A19103F-16F7-4668-BE54-9A1E7A4F7556}") = "UndergroundStation.Data", "UndergroundStation.Data\UndergroundStation.Data.csproj", "{ED120A3F-9746-400C-842A-240B98F6A941}"
EndProject
Project("{9A19103F-16F7-4668-BE54-9A1E7A4F7556}") = "UndergroundStation.Common", "UndergroundStation.Common\UndergroundStation.Common.csproj", "{962B4250-21EE-4919-B21F-3A237A26B7F6}"
EndProject
Project("{9A19103F-16F7-4668-BE54-9A1E7A4F7556}") = "UndergroundStation.Services", "UndergroundStation.Services\UndergroundStation.Services.csproj", "{32F66C4B-CB23-4281-8DAB-EC66E95A8404}"
EndProject
Project("{FAE04EC0-301F-11D3-BF4B-00C04F79EFBC}") = "UndergroundStation.Test", "UdergroundStation.Test\UndergroundStation.Test.csproj", "{686EDC7B-64E3-460C-AA5D-64E3D104CBA4}"
EndProject
Global
	GlobalSection(SolutionConfigurationPlatforms) = preSolution
		Debug|Any CPU = Debug|Any CPU
		Release|Any CPU = Release|Any CPU
	EndGlobalSection
	GlobalSection(ProjectConfigurationPlatforms) = postSolution
		{A3086B68-67E5-43BC-85BD-03F0AF1A620A}.Debug|Any CPU.ActiveCfg = Debug|Any CPU
		{A3086B68-67E5-43BC-85BD-03F0AF1A620A}.Debug|Any CPU.Build.0 = Debug|Any CPU
		{A3086B68-67E5-43BC-85BD-03F0AF1A620A}.Release|Any CPU.ActiveCfg = Release|Any CPU
		{A3086B68-67E5-43BC-85BD-03F0AF1A620A}.Release|Any CPU.Build.0 = Release|Any CPU
		{ED120A3F-9746-400C-842A-240B98F6A941}.Debug|Any CPU.ActiveCfg = Debug|Any CPU
		{ED120A3F-9746-400C-842A-240B98F6A941}.Debug|Any CPU.Build.0 = Debug|Any CPU
		{ED120A3F-9746-400C-842A-240B98F6A941}.Release|Any CPU.ActiveCfg = Release|Any CPU
		{ED120A3F-9746-400C-842A-240B98F6A941}.Release|Any CPU.Build.0 = Release|Any CPU
		{962B4250-21EE-4919-B21F-3A237A26B7F6}.Debug|Any CPU.ActiveCfg = Debug|Any CPU
		{962B4250-21EE-4919-B21F-3A237A26B7F6}.Debug|Any CPU.Build.0 = Debug|Any CPU
		{962B4250-21EE-4919-B21F-3A237A26B7F6}.Release|Any CPU.ActiveCfg = Release|Any CPU
		{962B4250-21EE-4919-B21F-3A237A26B7F6}.Release|Any CPU.Build.0 = Release|Any CPU
		{32F66C4B-CB23-4281-8DAB-EC66E95A8404}.Debug|Any CPU.ActiveCfg = Debug|Any CPU
		{32F66C4B-CB23-4281-8DAB-EC66E95A8404}.Debug|Any CPU.Build.0 = Debug|Any CPU
		{32F66C4B-CB23-4281-8DAB-EC66E95A8404}.Release|Any CPU.ActiveCfg = Release|Any CPU
		{32F66C4B-CB23-4281-8DAB-EC66E95A8404}.Release|Any CPU.Build.0 = Release|Any CPU
		{686EDC7B-64E3-460C-AA5D-64E3D104CBA4}.Debug|Any CPU.ActiveCfg = Debug|Any CPU
		{686EDC7B-64E3-460C-AA5D-64E3D104CBA4}.Debug|Any CPU.Build.0 = Debug|Any CPU
		{686EDC7B-64E3-460C-AA5D-64E3D104CBA4}.Release|Any CPU.ActiveCfg = Release|Any CPU
		{686EDC7B-64E3-460C-AA5D-64E3D104CBA4}.Release|Any CPU.Build.0 = Release|Any CPU
	EndGlobalSection
	GlobalSection(SolutionProperties) = preSolution
		HideSolutionNode = FALSE
	EndGlobalSection
	GlobalSection(ExtensibilityGlobals) = postSolution
		SolutionGuid = {67372499-C4E9-40ED-BEE2-AEE7CD3903A2}
	EndGlobalSection
EndGlobal
